
Microsoft Visual Studio Solution File, Format Version 11.00
# Visual Studio 2010
Project("{FAE04EC0-301F-11D3-BF4B-00C04F79EFBC}") = "DynamicWebService", "DynamicWebService\DynamicWebService.csproj", "{D91DA996-55DB-4443-B1F0-3E100CD90EDB}"
EndProject
Project("{2150E333-8FDC-42A3-9474-1A3956D46DE8}") = "Solution Items", "Solution Items", "{FD7FE88B-5D07-4C8E-AD9B-835F1BEB523C}"
	ProjectSection(SolutionItems) = preProject
		README.txt = README.txt
	EndProjectSection
EndProject
Global
	GlobalSection(SolutionConfigurationPlatforms) = preSolution
		Debug|.NET = Debug|.NET
		Debug|Any CPU = Debug|Any CPU
		Debug|Mixed Platforms = Debug|Mixed Platforms
		Release|.NET = Release|.NET
		Release|Any CPU = Release|Any CPU
		Release|Mixed Platforms = Release|Mixed Platforms
	EndGlobalSection
	GlobalSection(ProjectConfigurationPlatforms) = postSolution
		{D91DA996-55DB-4443-B1F0-3E100CD90EDB}.Debug|.NET.ActiveCfg = Debug|Any CPU
		{D91DA996-55DB-4443-B1F0-3E100CD90EDB}.Debug|Any CPU.ActiveCfg = Debug|Any CPU
		{D91DA996-55DB-4443-B1F0-3E100CD90EDB}.Debug|Any CPU.Build.0 = Debug|Any CPU
		{D91DA996-55DB-4443-B1F0-3E100CD90EDB}.Debug|Mixed Platforms.ActiveCfg = Debug|Any CPU
		{D91DA996-55DB-4443-B1F0-3E100CD90EDB}.Debug|Mixed Platforms.Build.0 = Debug|Any CPU
		{D91DA996-55DB-4443-B1F0-3E100CD90EDB}.Release|.NET.ActiveCfg = Release|Any CPU
		{D91DA996-55DB-4443-B1F0-3E100CD90EDB}.Release|Any CPU.ActiveCfg = Release|Any CPU
		{D91DA996-55DB-4443-B1F0-3E100CD90EDB}.Release|Any CPU.Build.0 = Release|Any CPU
		{D91DA996-55DB-4443-B1F0-3E100CD90EDB}.Release|Mixed Platforms.ActiveCfg = Release|Any CPU
		{D91DA996-55DB-4443-B1F0-3E100CD90EDB}.Release|Mixed Platforms.Build.0 = Release|Any CPU
	EndGlobalSection
	GlobalSection(SolutionProperties) = preSolution
		HideSolutionNode = FALSE
	EndGlobalSection
EndGlobal
